
Microsoft Visual Studio Solution File, Format Version 12.00
# Visual Studio Version 17
VisualStudioVersion = 17.1.32210.238
MinimumVisualStudioVersion = 10.0.40219.1
Project("{9A19103F-16F7-4668-BE54-9A1E7A4F7556}") = "FrontEnd", "FrontEnd\FrontEnd.csproj", "{2D5530A0-E438-4813-9503-64C9C5D42C18}"
EndProject
Project("{9A19103F-16F7-4668-BE54-9A1E7A4F7556}") = "Backend", "Backend\Backend.csproj", "{088D18FA-E4FB-47A0-A0F6-D6535CE31219}"
EndProject
Project("{2150E333-8FDC-42A3-9474-1A3956D46DE8}") = "Initialization", "Initialization", "{23FCBE4C-B2D5-4548-BB85-93F8D3E44486}"
	ProjectSection(SolutionItems) = preProject
		Initialization\template.yaml = Initialization\template.yaml
	EndProjectSection
EndProject
Global
	GlobalSection(SolutionConfigurationPlatforms) = preSolution
		Debug|Any CPU = Debug|Any CPU
		Release|Any CPU = Release|Any CPU
	EndGlobalSection
	GlobalSection(ProjectConfigurationPlatforms) = postSolution
		{2D5530A0-E438-4813-9503-64C9C5D42C18}.Debug|Any CPU.ActiveCfg = Debug|Any CPU
		{2D5530A0-E438-4813-9503-64C9C5D42C18}.Debug|Any CPU.Build.0 = Debug|Any CPU
		{2D5530A0-E438-4813-9503-64C9C5D42C18}.Release|Any CPU.ActiveCfg = Release|Any CPU
		{2D5530A0-E438-4813-9503-64C9C5D42C18}.Release|Any CPU.Build.0 = Release|Any CPU
		{088D18FA-E4FB-47A0-A0F6-D6535CE31219}.Debug|Any CPU.ActiveCfg = Debug|Any CPU
		{088D18FA-E4FB-47A0-A0F6-D6535CE31219}.Debug|Any CPU.Build.0 = Debug|Any CPU
		{088D18FA-E4FB-47A0-A0F6-D6535CE31219}.Release|Any CPU.ActiveCfg = Release|Any CPU
		{088D18FA-E4FB-47A0-A0F6-D6535CE31219}.Release|Any CPU.Build.0 = Release|Any CPU
	EndGlobalSection
	GlobalSection(SolutionProperties) = preSolution
		HideSolutionNode = FALSE
	EndGlobalSection
	GlobalSection(ExtensibilityGlobals) = postSolution
		SolutionGuid = {582C5245-B11C-4855-9FE1-9B09244D9974}
	EndGlobalSection
EndGlobal
